
Microsoft Visual Studio Solution File, Format Version 12.00
# Visual Studio Version 16
VisualStudioVersion = 16.0.30804.86
MinimumVisualStudioVersion = 10.0.40219.1
Project("{9A19103F-16F7-4668-BE54-9A1E7A4F7556}") = "AccelConfHtmlScraper", "AccelConfHtmlScraper.csproj", "{BD0D7E36-BD4D-4CA4-AFC9-38DCD0184B3F}"
EndProject
Global
	GlobalSection(SolutionConfigurationPlatforms) = preSolution
		Debug|Any CPU = Debug|Any CPU
		Release|Any CPU = Release|Any CPU
	EndGlobalSection
	GlobalSection(ProjectConfigurationPlatforms) = postSolution
		{BD0D7E36-BD4D-4CA4-AFC9-38DCD0184B3F}.Debug|Any CPU.ActiveCfg = Debug|Any CPU
		{BD0D7E36-BD4D-4CA4-AFC9-38DCD0184B3F}.Debug|Any CPU.Build.0 = Debug|Any CPU
		{BD0D7E36-BD4D-4CA4-AFC9-38DCD0184B3F}.Release|Any CPU.ActiveCfg = Release|Any CPU
		{BD0D7E36-BD4D-4CA4-AFC9-38DCD0184B3F}.Release|Any CPU.Build.0 = Release|Any CPU
	EndGlobalSection
	GlobalSection(SolutionProperties) = preSolution
		HideSolutionNode = FALSE
	EndGlobalSection
	GlobalSection(ExtensibilityGlobals) = postSolution
		SolutionGuid = {5F98C5DB-91A1-4B79-9845-E02E1A7587F2}
	EndGlobalSection
EndGlobal
